
Microsoft Visual Studio Solution File, Format Version 12.00
# Visual Studio Version 17
VisualStudioVersion = 17.2.32602.215
MinimumVisualStudioVersion = 10.0.40219.1
Project("{9A19103F-16F7-4668-BE54-9A1E7A4F7556}") = "WebPWrapper", "WebPWrapper\WebPWrapper.csproj", "{18EFA50E-418F-4034-B248-8D7A14B8B11D}"
EndProject
Project("{9A19103F-16F7-4668-BE54-9A1E7A4F7556}") = "WebPWrapper.Test", "WebPWrapper.Test\WebPWrapper.Test.csproj", "{CB194A9F-C095-42B3-9671-9B9082B1C141}"
EndProject
Global
	GlobalSection(SolutionConfigurationPlatforms) = preSolution
		Debug|Any CPU = Debug|Any CPU
		Release|Any CPU = Release|Any CPU
	EndGlobalSection
	GlobalSection(ProjectConfigurationPlatforms) = postSolution
		{18EFA50E-418F-4034-B248-8D7A14B8B11D}.Debug|Any CPU.ActiveCfg = Debug|Any CPU
		{18EFA50E-418F-4034-B248-8D7A14B8B11D}.Debug|Any CPU.Build.0 = Debug|Any CPU
		{18EFA50E-418F-4034-B248-8D7A14B8B11D}.Release|Any CPU.ActiveCfg = Release|Any CPU
		{18EFA50E-418F-4034-B248-8D7A14B8B11D}.Release|Any CPU.Build.0 = Release|Any CPU
		{CB194A9F-C095-42B3-9671-9B9082B1C141}.Debug|Any CPU.ActiveCfg = Debug|Any CPU
		{CB194A9F-C095-42B3-9671-9B9082B1C141}.Debug|Any CPU.Build.0 = Debug|Any CPU
		{CB194A9F-C095-42B3-9671-9B9082B1C141}.Release|Any CPU.ActiveCfg = Release|Any CPU
		{CB194A9F-C095-42B3-9671-9B9082B1C141}.Release|Any CPU.Build.0 = Release|Any CPU
	EndGlobalSection
	GlobalSection(SolutionProperties) = preSolution
		HideSolutionNode = FALSE
	EndGlobalSection
	GlobalSection(ExtensibilityGlobals) = postSolution
		SolutionGuid = {8622E3F9-5D57-4865-B0D3-A56495940319}
	EndGlobalSection
EndGlobal
